
Microsoft Visual Studio Solution File, Format Version 12.00
# Visual Studio 15
VisualStudioVersion = 15.0.28307.489
MinimumVisualStudioVersion = 10.0.40219.1
Project("{FAE04EC0-301F-11D3-BF4B-00C04F79EFBC}") = "Lab 1.2", "Labs\Lab 1.2.csproj", "{8E8F6E58-0C97-49E4-88C2-F17E6966BCE8}"
EndProject
Project("{FAE04EC0-301F-11D3-BF4B-00C04F79EFBC}") = "Lab2.2", "Lab2.2\Lab2.2.csproj", "{BA36A162-5212-49DB-ABC9-503CC04CF586}"
EndProject
Project("{FAE04EC0-301F-11D3-BF4B-00C04F79EFBC}") = "Lab 3.2", "Lab 3.2\Lab 3.2.csproj", "{8315DE96-DF96-42E7-916F-1D8422D877F4}"
EndProject
Project("{FAE04EC0-301F-11D3-BF4B-00C04F79EFBC}") = "Lab 1.8", "1.8\Lab 1.8.csproj", "{E6AFA287-CA32-4A09-934E-8CAAC359B726}"
EndProject
Project("{FAE04EC0-301F-11D3-BF4B-00C04F79EFBC}") = "Lab 3.8", "Lab 3.8\Lab 3.8.csproj", "{839D8F34-3403-48A5-A913-009CE3D7A42D}"
EndProject
Project("{FAE04EC0-301F-11D3-BF4B-00C04F79EFBC}") = "Lab 3.11", "Lab 3.11\Lab 3.11.csproj", "{A3BD2EAD-1486-40E9-B652-8566B0685EF2}"
EndProject
Project("{FAE04EC0-301F-11D3-BF4B-00C04F79EFBC}") = "Lab 2.8", "Lab 2.8\Lab 2.8.csproj", "{4C7C97E1-078F-4A89-97CC-B709D3B8CFB7}"
EndProject
Project("{FAE04EC0-301F-11D3-BF4B-00C04F79EFBC}") = "Lab 2.4", "Lab 2.4\Lab 2.4.csproj", "{244E7E7D-DB9E-4065-8196-C0B61FE40443}"
EndProject
Project("{FAE04EC0-301F-11D3-BF4B-00C04F79EFBC}") = "Lab 1.10", "Lab 1.10\Lab 1.10.csproj", "{C04A0D4A-5D3B-400E-BB7B-4A36D889A578}"
EndProject
Global
	GlobalSection(SolutionConfigurationPlatforms) = preSolution
		Debug|Any CPU = Debug|Any CPU
		Release|Any CPU = Release|Any CPU
	EndGlobalSection
	GlobalSection(ProjectConfigurationPlatforms) = postSolution
		{8E8F6E58-0C97-49E4-88C2-F17E6966BCE8}.Debug|Any CPU.ActiveCfg = Debug|Any CPU
		{8E8F6E58-0C97-49E4-88C2-F17E6966BCE8}.Debug|Any CPU.Build.0 = Debug|Any CPU
		{8E8F6E58-0C97-49E4-88C2-F17E6966BCE8}.Release|Any CPU.ActiveCfg = Release|Any CPU
		{8E8F6E58-0C97-49E4-88C2-F17E6966BCE8}.Release|Any CPU.Build.0 = Release|Any CPU
		{BA36A162-5212-49DB-ABC9-503CC04CF586}.Debug|Any CPU.ActiveCfg = Debug|Any CPU
		{BA36A162-5212-49DB-ABC9-503CC04CF586}.Debug|Any CPU.Build.0 = Debug|Any CPU
		{BA36A162-5212-49DB-ABC9-503CC04CF586}.Release|Any CPU.ActiveCfg = Release|Any CPU
		{BA36A162-5212-49DB-ABC9-503CC04CF586}.Release|Any CPU.Build.0 = Release|Any CPU
		{8315DE96-DF96-42E7-916F-1D8422D877F4}.Debug|Any CPU.ActiveCfg = Debug|Any CPU
		{8315DE96-DF96-42E7-916F-1D8422D877F4}.Debug|Any CPU.Build.0 = Debug|Any CPU
		{8315DE96-DF96-42E7-916F-1D8422D877F4}.Release|Any CPU.ActiveCfg = Release|Any CPU
		{8315DE96-DF96-42E7-916F-1D8422D877F4}.Release|Any CPU.Build.0 = Release|Any CPU
		{E6AFA287-CA32-4A09-934E-8CAAC359B726}.Debug|Any CPU.ActiveCfg = Debug|Any CPU
		{E6AFA287-CA32-4A09-934E-8CAAC359B726}.Debug|Any CPU.Build.0 = Debug|Any CPU
		{E6AFA287-CA32-4A09-934E-8CAAC359B726}.Release|Any CPU.ActiveCfg = Release|Any CPU
		{E6AFA287-CA32-4A09-934E-8CAAC359B726}.Release|Any CPU.Build.0 = Release|Any CPU
		{839D8F34-3403-48A5-A913-009CE3D7A42D}.Debug|Any CPU.ActiveCfg = Debug|Any CPU
		{839D8F34-3403-48A5-A913-009CE3D7A42D}.Debug|Any CPU.Build.0 = Debug|Any CPU
		{839D8F34-3403-48A5-A913-009CE3D7A42D}.Release|Any CPU.ActiveCfg = Release|Any CPU
		{839D8F34-3403-48A5-A913-009CE3D7A42D}.Release|Any CPU.Build.0 = Release|Any CPU
		{A3BD2EAD-1486-40E9-B652-8566B0685EF2}.Debug|Any CPU.ActiveCfg = Debug|Any CPU
		{A3BD2EAD-1486-40E9-B652-8566B0685EF2}.Debug|Any CPU.Build.0 = Debug|Any CPU
		{A3BD2EAD-1486-40E9-B652-8566B0685EF2}.Release|Any CPU.ActiveCfg = Release|Any CPU
		{A3BD2EAD-1486-40E9-B652-8566B0685EF2}.Release|Any CPU.Build.0 = Release|Any CPU
		{4C7C97E1-078F-4A89-97CC-B709D3B8CFB7}.Debug|Any CPU.ActiveCfg = Debug|Any CPU
		{4C7C97E1-078F-4A89-97CC-B709D3B8CFB7}.Debug|Any CPU.Build.0 = Debug|Any CPU
		{4C7C97E1-078F-4A89-97CC-B709D3B8CFB7}.Release|Any CPU.ActiveCfg = Release|Any CPU
		{4C7C97E1-078F-4A89-97CC-B709D3B8CFB7}.Release|Any CPU.Build.0 = Release|Any CPU
		{244E7E7D-DB9E-4065-8196-C0B61FE40443}.Debug|Any CPU.ActiveCfg = Debug|Any CPU
		{244E7E7D-DB9E-4065-8196-C0B61FE40443}.Debug|Any CPU.Build.0 = Debug|Any CPU
		{244E7E7D-DB9E-4065-8196-C0B61FE40443}.Release|Any CPU.ActiveCfg = Release|Any CPU
		{244E7E7D-DB9E-4065-8196-C0B61FE40443}.Release|Any CPU.Build.0 = Release|Any CPU
		{C04A0D4A-5D3B-400E-BB7B-4A36D889A578}.Debug|Any CPU.ActiveCfg = Debug|Any CPU
		{C04A0D4A-5D3B-400E-BB7B-4A36D889A578}.Debug|Any CPU.Build.0 = Debug|Any CPU
		{C04A0D4A-5D3B-400E-BB7B-4A36D889A578}.Release|Any CPU.ActiveCfg = Release|Any CPU
		{C04A0D4A-5D3B-400E-BB7B-4A36D889A578}.Release|Any CPU.Build.0 = Release|Any CPU
	EndGlobalSection
	GlobalSection(SolutionProperties) = preSolution
		HideSolutionNode = FALSE
	EndGlobalSection
	GlobalSection(ExtensibilityGlobals) = postSolution
		SolutionGuid = {0268471F-0462-4936-93F7-5AE07284F497}
	EndGlobalSection
EndGlobal
